// !$*UTF8*$!
{
	archiveVersion = 1;
	classes = {
	};
	objectVersion = 56;
	objects = {

/* Begin PBXBuildFile section */
		F7A644162BE3456D004BC639 /* Ronak_AssignmentApp.swift in Sources */ = {isa = PBXBuildFile; fileRef = F7A644152BE3456D004BC639 /* Ronak_AssignmentApp.swift */; };
		F7A644182BE3456D004BC639 /* ContentView.swift in Sources */ = {isa = PBXBuildFile; fileRef = F7A644172BE3456D004BC639 /* ContentView.swift */; };
		F7A6441A2BE3456F004BC639 /* Assets.xcassets in Resources */ = {isa = PBXBuildFile; fileRef = F7A644192BE3456F004BC639 /* Assets.xcassets */; };
		F7A6441E2BE3456F004BC639 /* Preview Assets.xcassets in Resources */ = {isa = PBXBuildFile; fileRef = F7A6441D2BE3456F004BC639 /* Preview Assets.xcassets */; };
		F7A644282BE3456F004BC639 /* Ronak_AssignmentTests.swift in Sources */ = {isa = PBXBuildFile; fileRef = F7A644272BE3456F004BC639 /* Ronak_AssignmentTests.swift */; };
		F7A644322BE3456F004BC639 /* Ronak_AssignmentUITests.swift in Sources */ = {isa = PBXBuildFile; fileRef = F7A644312BE3456F004BC639 /* Ronak_AssignmentUITests.swift */; };
		F7A644342BE3456F004BC639 /* Ronak_AssignmentUITestsLaunchTests.swift in Sources */ = {isa = PBXBuildFile; fileRef = F7A644332BE3456F004BC639 /* Ronak_AssignmentUITestsLaunchTests.swift */; };
		F7A644432BE345B3004BC639 /* UserDataModel.swift in Sources */ = {isa = PBXBuildFile; fileRef = F7A644422BE345B3004BC639 /* UserDataModel.swift */; };
		F7A644452BE3460B004BC639 /* UserViewModel.swift in Sources */ = {isa = PBXBuildFile; fileRef = F7A644442BE3460B004BC639 /* UserViewModel.swift */; };
		F7A644472BE34652004BC639 /* UserCellView.swift in Sources */ = {isa = PBXBuildFile; fileRef = F7A644462BE34652004BC639 /* UserCellView.swift */; };
		F7A6444A2BE3470C004BC639 /* Alamofire in Frameworks */ = {isa = PBXBuildFile; productRef = F7A644492BE3470C004BC639 /* Alamofire */; };
		F7A6444C2BE3470C004BC639 /* AlamofireDynamic in Frameworks */ = {isa = PBXBuildFile; productRef = F7A6444B2BE3470C004BC639 /* AlamofireDynamic */; };
		F7A6444E2BE347D7004BC639 /* UsersView.swift in Sources */ = {isa = PBXBuildFile; fileRef = F7A6444D2BE347D7004BC639 /* UsersView.swift */; };
		F7A644502BE35253004BC639 /* UserDetailView.swift in Sources */ = {isa = PBXBuildFile; fileRef = F7A6444F2BE35253004BC639 /* UserDetailView.swift */; };
/* End PBXBuildFile section */

/* Begin PBXContainerItemProxy section */
		F7A644242BE3456F004BC639 /* PBXContainerItemProxy */ = {
			isa = PBXContainerItemProxy;
			containerPortal = F7A6440A2BE3456D004BC639 /* Project object */;
			proxyType = 1;
			remoteGlobalIDString = F7A644112BE3456D004BC639;
			remoteInfo = "Ronak Assignment";
		};
		F7A6442E2BE3456F004BC639 /* PBXContainerItemProxy */ = {
			isa = PBXContainerItemProxy;
			containerPortal = F7A6440A2BE3456D004BC639 /* Project object */;
			proxyType = 1;
			remoteGlobalIDString = F7A644112BE3456D004BC639;
			remoteInfo = "Ronak Assignment";
		};
/* End PBXContainerItemProxy section */

/* Begin PBXFileReference section */
		F7A644122BE3456D004BC639 /* Ronak Assignment.app */ = {isa = PBXFileReference; explicitFileType = wrapper.application; includeInIndex = 0; path = "Ronak Assignment.app"; sourceTree = BUILT_PRODUCTS_DIR; };
		F7A644152BE3456D004BC639 /* Ronak_AssignmentApp.swift */ = {isa = PBXFileReference; lastKnownFileType = sourcecode.swift; path = Ronak_AssignmentApp.swift; sourceTree = "<group>"; };
		F7A644172BE3456D004BC639 /* ContentView.swift */ = {isa = PBXFileReference; lastKnownFileType = sourcecode.swift; path = ContentView.swift; sourceTree = "<group>"; };
		F7A644192BE3456F004BC639 /* Assets.xcassets */ = {isa = PBXFileReference; lastKnownFileType = folder.assetcatalog; path = Assets.xcassets; sourceTree = "<group>"; };
		F7A6441B2BE3456F004BC639 /* Ronak_Assignment.entitlements */ = {isa = PBXFileReference; lastKnownFileType = text.plist.entitlements; path = Ronak_Assignment.entitlements; sourceTree = "<group>"; };
		F7A6441D2BE3456F004BC639 /* Preview Assets.xcassets */ = {isa = PBXFileReference; lastKnownFileType = folder.assetcatalog; path = "Preview Assets.xcassets"; sourceTree = "<group>"; };
		F7A644232BE3456F004BC639 /* Ronak AssignmentTests.xctest */ = {isa = PBXFileReference; explicitFileType = wrapper.cfbundle; includeInIndex = 0; path = "Ronak AssignmentTests.xctest"; sourceTree = BUILT_PRODUCTS_DIR; };
		F7A644272BE3456F004BC639 /* Ronak_AssignmentTests.swift */ = {isa = PBXFileReference; lastKnownFileType = sourcecode.swift; path = Ronak_AssignmentTests.swift; sourceTree = "<group>"; };
		F7A6442D2BE3456F004BC639 /* Ronak AssignmentUITests.xctest */ = {isa = PBXFileReference; explicitFileType = wrapper.cfbundle; includeInIndex = 0; path = "Ronak AssignmentUITests.xctest"; sourceTree = BUILT_PRODUCTS_DIR; };
		F7A644312BE3456F004BC639 /* Ronak_AssignmentUITests.swift */ = {isa = PBXFileReference; lastKnownFileType = sourcecode.swift; path = Ronak_AssignmentUITests.swift; sourceTree = "<group>"; };
		F7A644332BE3456F004BC639 /* Ronak_AssignmentUITestsLaunchTests.swift */ = {isa = PBXFileReference; lastKnownFileType = sourcecode.swift; path = Ronak_AssignmentUITestsLaunchTests.swift; sourceTree = "<group>"; };
		F7A644422BE345B3004BC639 /* UserDataModel.swift */ = {isa = PBXFileReference; lastKnownFileType = sourcecode.swift; path = UserDataModel.swift; sourceTree = "<group>"; };
		F7A644442BE3460B004BC639 /* UserViewModel.swift */ = {isa = PBXFileReference; lastKnownFileType = sourcecode.swift; path = UserViewModel.swift; sourceTree = "<group>"; };
		F7A644462BE34652004BC639 /* UserCellView.swift */ = {isa = PBXFileReference; lastKnownFileType = sourcecode.swift; path = UserCellView.swift; sourceTree = "<group>"; };
		F7A6444D2BE347D7004BC639 /* UsersView.swift */ = {isa = PBXFileReference; lastKnownFileType = sourcecode.swift; path = UsersView.swift; sourceTree = "<group>"; };
		F7A6444F2BE35253004BC639 /* UserDetailView.swift */ = {isa = PBXFileReference; lastKnownFileType = sourcecode.swift; path = UserDetailView.swift; sourceTree = "<group>"; };
/* End PBXFileReference section */

/* Begin PBXFrameworksBuildPhase section */
		F7A6440F2BE3456D004BC639 /* Frameworks */ = {
			isa = PBXFrameworksBuildPhase;
			buildActionMask = 2147483647;
			files = (
				F7A6444A2BE3470C004BC639 /* Alamofire in Frameworks */,
				F7A6444C2BE3470C004BC639 /* AlamofireDynamic in Frameworks */,
			);
			runOnlyForDeploymentPostprocessing = 0;
		};
		F7A644202BE3456F004BC639 /* Frameworks */ = {
			isa = PBXFrameworksBuildPhase;
			buildActionMask = 2147483647;
			files = (
			);
			runOnlyForDeploymentPostprocessing = 0;
		};
		F7A6442A2BE3456F004BC639 /* Frameworks */ = {
			isa = PBXFrameworksBuildPhase;
			buildActionMask = 2147483647;
			files = (
			);
			runOnlyForDeploymentPostprocessing = 0;
		};
/* End PBXFrameworksBuildPhase section */

/* Begin PBXGroup section */
		F7A644092BE3456D004BC639 = {
			isa = PBXGroup;
			children = (
				F7A644142BE3456D004BC639 /* Ronak Assignment */,
				F7A644262BE3456F004BC639 /* Ronak AssignmentTests */,
				F7A644302BE3456F004BC639 /* Ronak AssignmentUITests */,
				F7A644132BE3456D004BC639 /* Products */,
			);
			sourceTree = "<group>";
		};
		F7A644132BE3456D004BC639 /* Products */ = {
			isa = PBXGroup;
			children = (
				F7A644122BE3456D004BC639 /* Ronak Assignment.app */,
				F7A644232BE3456F004BC639 /* Ronak AssignmentTests.xctest */,
				F7A6442D2BE3456F004BC639 /* Ronak AssignmentUITests.xctest */,
			);
			name = Products;
			sourceTree = "<group>";
		};
		F7A644142BE3456D004BC639 /* Ronak Assignment */ = {
			isa = PBXGroup;
			children = (
				F7A644152BE3456D004BC639 /* Ronak_AssignmentApp.swift */,
				F7A644172BE3456D004BC639 /* ContentView.swift */,
				F7A6444D2BE347D7004BC639 /* UsersView.swift */,
				F7A644462BE34652004BC639 /* UserCellView.swift */,
				F7A6444F2BE35253004BC639 /* UserDetailView.swift */,
				F7A644402BE3458E004BC639 /* Models */,
				F7A644192BE3456F004BC639 /* Assets.xcassets */,
				F7A644412BE3459B004BC639 /* ViewModel */,
				F7A6441B2BE3456F004BC639 /* Ronak_Assignment.entitlements */,
				F7A6441C2BE3456F004BC639 /* Preview Content */,
			);
			path = "Ronak Assignment";
			sourceTree = "<group>";
		};
		F7A6441C2BE3456F004BC639 /* Preview Content */ = {
			isa = PBXGroup;
			children = (
				F7A6441D2BE3456F004BC639 /* Preview Assets.xcassets */,
			);
			path = "Preview Content";
			sourceTree = "<group>";
		};
		F7A644262BE3456F004BC639 /* Ronak AssignmentTests */ = {
			isa = PBXGroup;
			children = (
				F7A644272BE3456F004BC639 /* Ronak_AssignmentTests.swift */,
			);
			path = "Ronak AssignmentTests";
			sourceTree = "<group>";
		};
		F7A644302BE3456F004BC639 /* Ronak AssignmentUITests */ = {
			isa = PBXGroup;
			children = (
				F7A644312BE3456F004BC639 /* Ronak_AssignmentUITests.swift */,
				F7A644332BE3456F004BC639 /* Ronak_AssignmentUITestsLaunchTests.swift */,
			);
			path = "Ronak AssignmentUITests";
			sourceTree = "<group>";
		};
		F7A644402BE3458E004BC639 /* Models */ = {
			isa = PBXGroup;
			children = (
				F7A644422BE345B3004BC639 /* UserDataModel.swift */,
			);
			path = Models;
			sourceTree = "<group>";
		};
		F7A644412BE3459B004BC639 /* ViewModel */ = {
			isa = PBXGroup;
			children = (
				F7A644442BE3460B004BC639 /* UserViewModel.swift */,
			);
			path = ViewModel;
			sourceTree = "<group>";
		};
/* End PBXGroup section */

/* Begin PBXNativeTarget section */
		F7A644112BE3456D004BC639 /* Ronak Assignment */ = {
			isa = PBXNativeTarget;
			buildConfigurationList = F7A644372BE3456F004BC639 /* Build configuration list for PBXNativeTarget "Ronak Assignment" */;
			buildPhases = (
				F7A6440E2BE3456D004BC639 /* Sources */,
				F7A6440F2BE3456D004BC639 /* Frameworks */,
				F7A644102BE3456D004BC639 /* Resources */,
			);
			buildRules = (
			);
			dependencies = (
			);
			name = "Ronak Assignment";
			packageProductDependencies = (
				F7A644492BE3470C004BC639 /* Alamofire */,
				F7A6444B2BE3470C004BC639 /* AlamofireDynamic */,
			);
			productName = "Ronak Assignment";
			productReference = F7A644122BE3456D004BC639 /* Ronak Assignment.app */;
			productType = "com.apple.product-type.application";
		};
		F7A644222BE3456F004BC639 /* Ronak AssignmentTests */ = {
			isa = PBXNativeTarget;
			buildConfigurationList = F7A6443A2BE3456F004BC639 /* Build configuration list for PBXNativeTarget "Ronak AssignmentTests" */;
			buildPhases = (
				F7A6441F2BE3456F004BC639 /* Sources */,
				F7A644202BE3456F004BC639 /* Frameworks */,
				F7A644212BE3456F004BC639 /* Resources */,
			);
			buildRules = (
			);
			dependencies = (
				F7A644252BE3456F004BC639 /* PBXTargetDependency */,
			);
			name = "Ronak AssignmentTests";
			productName = "Ronak AssignmentTests";
			productReference = F7A644232BE3456F004BC639 /* Ronak AssignmentTests.xctest */;
			productType = "com.apple.product-type.bundle.unit-test";
		};
		F7A6442C2BE3456F004BC639 /* Ronak AssignmentUITests */ = {
			isa = PBXNativeTarget;
			buildConfigurationList = F7A6443D2BE3456F004BC639 /* Build configuration list for PBXNativeTarget "Ronak AssignmentUITests" */;
			buildPhases = (
				F7A644292BE3456F004BC639 /* Sources */,
				F7A6442A2BE3456F004BC639 /* Frameworks */,
				F7A6442B2BE3456F004BC639 /* Resources */,
			);
			buildRules = (
			);
			dependencies = (
				F7A6442F2BE3456F004BC639 /* PBXTargetDependency */,
			);
			name = "Ronak AssignmentUITests";
			productName = "Ronak AssignmentUITests";
			productReference = F7A6442D2BE3456F004BC639 /* Ronak AssignmentUITests.xctest */;
			productType = "com.apple.product-type.bundle.ui-testing";
		};
/* End PBXNativeTarget section */

/* Begin PBXProject section */
		F7A6440A2BE3456D004BC639 /* Project object */ = {
			isa = PBXProject;
			attributes = {
				BuildIndependentTargetsInParallel = 1;
				LastSwiftUpdateCheck = 1520;
				LastUpgradeCheck = 1520;
				TargetAttributes = {
					F7A644112BE3456D004BC639 = {
						CreatedOnToolsVersion = 15.2;
					};
					F7A644222BE3456F004BC639 = {
						CreatedOnToolsVersion = 15.2;
						TestTargetID = F7A644112BE3456D004BC639;
					};
					F7A6442C2BE3456F004BC639 = {
						CreatedOnToolsVersion = 15.2;
						TestTargetID = F7A644112BE3456D004BC639;
					};
				};
			};
			buildConfigurationList = F7A6440D2BE3456D004BC639 /* Build configuration list for PBXProject "Ronak Assignment" */;
			compatibilityVersion = "Xcode 14.0";
			developmentRegion = en;
			hasScannedForEncodings = 0;
			knownRegions = (
				en,
				Base,
			);
			mainGroup = F7A644092BE3456D004BC639;
			packageReferences = (
				F7A644482BE3470C004BC639 /* XCRemoteSwiftPackageReference "Alamofire" */,
			);
			productRefGroup = F7A644132BE3456D004BC639 /* Products */;
			projectDirPath = "";
			projectRoot = "";
			targets = (
				F7A644112BE3456D004BC639 /* Ronak Assignment */,
				F7A644222BE3456F004BC639 /* Ronak AssignmentTests */,
				F7A6442C2BE3456F004BC639 /* Ronak AssignmentUITests */,
			);
		};
/* End PBXProject section */

/* Begin PBXResourcesBuildPhase section */
		F7A644102BE3456D004BC639 /* Resources */ = {
			isa = PBXResourcesBuildPhase;
			buildActionMask = 2147483647;
			files = (
				F7A6441E2BE3456F004BC639 /* Preview Assets.xcassets in Resources */,
				F7A6441A2BE3456F004BC639 /* Assets.xcassets in Resources */,
			);
			runOnlyForDeploymentPostprocessing = 0;
		};
		F7A644212BE3456F004BC639 /* Resources */ = {
			isa = PBXResourcesBuildPhase;
			buildActionMask = 2147483647;
			files = (
			);
			runOnlyForDeploymentPostprocessing = 0;
		};
		F7A6442B2BE3456F004BC639 /* Resources */ = {
			isa = PBXResourcesBuildPhase;
			buildActionMask = 2147483647;
			files = (
			);
			runOnlyForDeploymentPostprocessing = 0;
		};
/* End PBXResourcesBuildPhase section */

/* Begin PBXSourcesBuildPhase section */
		F7A6440E2BE3456D004BC639 /* Sources */ = {
			isa = PBXSourcesBuildPhase;
			buildActionMask = 2147483647;
			files = (
				F7A644432BE345B3004BC639 /* UserDataModel.swift in Sources */,
				F7A644452BE3460B004BC639 /* UserViewModel.swift in Sources */,
				F7A644182BE3456D004BC639 /* ContentView.swift in Sources */,
				F7A644472BE34652004BC639 /* UserCellView.swift in Sources */,
				F7A644502BE35253004BC639 /* UserDetailView.swift in Sources */,
				F7A644162BE3456D004BC639 /* Ronak_AssignmentApp.swift in Sources */,
				F7A6444E2BE347D7004BC639 /* UsersView.swift in Sources */,
			);
			runOnlyForDeploymentPostprocessing = 0;
		};
		F7A6441F2BE3456F004BC639 /* Sources */ = {
			isa = PBXSourcesBuildPhase;
			buildActionMask = 2147483647;
			files = (
				F7A644282BE3456F004BC639 /* Ronak_AssignmentTests.swift in Sources */,
			);
			runOnlyForDeploymentPostprocessing = 0;
		};
		F7A644292BE3456F004BC639 /* Sources */ = {
			isa = PBXSourcesBuildPhase;
			buildActionMask = 2147483647;
			files = (
				F7A644322BE3456F004BC639 /* Ronak_AssignmentUITests.swift in Sources */,
				F7A644342BE3456F004BC639 /* Ronak_AssignmentUITestsLaunchTests.swift in Sources */,
			);
			runOnlyForDeploymentPostprocessing = 0;
		};
/* End PBXSourcesBuildPhase section */

/* Begin PBXTargetDependency section */
		F7A644252BE3456F004BC639 /* PBXTargetDependency */ = {
			isa = PBXTargetDependency;
			target = F7A644112BE3456D004BC639 /* Ronak Assignment */;
			targetProxy = F7A644242BE3456F004BC639 /* PBXContainerItemProxy */;
		};
		F7A6442F2BE3456F004BC639 /* PBXTargetDependency */ = {
			isa = PBXTargetDependency;
			target = F7A644112BE3456D004BC639 /* Ronak Assignment */;
			targetProxy = F7A6442E2BE3456F004BC639 /* PBXContainerItemProxy */;
		};
/* End PBXTargetDependency section */

/* Begin XCBuildConfiguration section */
		F7A644352BE3456F004BC639 /* Debug */ = {
			isa = XCBuildConfiguration;
			buildSettings = {
				ALWAYS_SEARCH_USER_PATHS = NO;
				ASSETCATALOG_COMPILER_GENERATE_SWIFT_ASSET_SYMBOL_EXTENSIONS = YES;
				CLANG_ANALYZER_NONNULL = YES;
				CLANG_ANALYZER_NUMBER_OBJECT_CONVERSION = YES_AGGRESSIVE;
				CLANG_CXX_LANGUAGE_STANDARD = "gnu++20";
				CLANG_ENABLE_MODULES = YES;
				CLANG_ENABLE_OBJC_ARC = YES;
				CLANG_ENABLE_OBJC_WEAK = YES;
				CLANG_WARN_BLOCK_CAPTURE_AUTORELEASING = YES;
				CLANG_WARN_BOOL_CONVERSION = YES;
				CLANG_WARN_COMMA = YES;
				CLANG_WARN_CONSTANT_CONVERSION = YES;
				CLANG_WARN_DEPRECATED_OBJC_IMPLEMENTATIONS = YES;
				CLANG_WARN_DIRECT_OBJC_ISA_USAGE = YES_ERROR;
				CLANG_WARN_DOCUMENTATION_COMMENTS = YES;
				CLANG_WARN_EMPTY_BODY = YES;
				CLANG_WARN_ENUM_CONVERSION = YES;
				CLANG_WARN_INFINITE_RECURSION = YES;
				CLANG_WARN_INT_CONVERSION = YES;
				CLANG_WARN_NON_LITERAL_NULL_CONVERSION = YES;
				CLANG_WARN_OBJC_IMPLICIT_RETAIN_SELF = YES;
				CLANG_WARN_OBJC_LITERAL_CONVERSION = YES;
				CLANG_WARN_OBJC_ROOT_CLASS = YES_ERROR;
				CLANG_WARN_QUOTED_INCLUDE_IN_FRAMEWORK_HEADER = YES;
				CLANG_WARN_RANGE_LOOP_ANALYSIS = YES;
				CLANG_WARN_STRICT_PROTOTYPES = YES;
				CLANG_WARN_SUSPICIOUS_MOVE = YES;
				CLANG_WARN_UNGUARDED_AVAILABILITY = YES_AGGRESSIVE;
				CLANG_WARN_UNREACHABLE_CODE = YES;
				CLANG_WARN__DUPLICATE_METHOD_MATCH = YES;
				COPY_PHASE_STRIP = NO;
				DEBUG_INFORMATION_FORMAT = dwarf;
				ENABLE_STRICT_OBJC_MSGSEND = YES;
				ENABLE_TESTABILITY = YES;
				ENABLE_USER_SCRIPT_SANDBOXING = YES;
				GCC_C_LANGUAGE_STANDARD = gnu17;
				GCC_DYNAMIC_NO_PIC = NO;
				GCC_NO_COMMON_BLOCKS = YES;
				GCC_OPTIMIZATION_LEVEL = 0;
				GCC_PREPROCESSOR_DEFINITIONS = (
					"DEBUG=1",
					"$(inherited)",
				);
				GCC_WARN_64_TO_32_BIT_CONVERSION = YES;
				GCC_WARN_ABOUT_RETURN_TYPE = YES_ERROR;
				GCC_WARN_UNDECLARED_SELECTOR = YES;
				GCC_WARN_UNINITIALIZED_AUTOS = YES_AGGRESSIVE;
				GCC_WARN_UNUSED_FUNCTION = YES;
				GCC_WARN_UNUSED_VARIABLE = YES;
				LOCALIZATION_PREFERS_STRING_CATALOGS = YES;
				MTL_ENABLE_DEBUG_INFO = INCLUDE_SOURCE;
				MTL_FAST_MATH = YES;
				ONLY_ACTIVE_ARCH = YES;
				SWIFT_ACTIVE_COMPILATION_CONDITIONS = "DEBUG $(inherited)";
				SWIFT_OPTIMIZATION_LEVEL = "-Onone";
			};
			name = Debug;
		};
		F7A644362BE3456F004BC639 /* Release */ = {
			isa = XCBuildConfiguration;
			buildSettings = {
				ALWAYS_SEARCH_USER_PATHS = NO;
				ASSETCATALOG_COMPILER_GENERATE_SWIFT_ASSET_SYMBOL_EXTENSIONS = YES;
				CLANG_ANALYZER_NONNULL = YES;
				CLANG_ANALYZER_NUMBER_OBJECT_CONVERSION = YES_AGGRESSIVE;
				CLANG_CXX_LANGUAGE_STANDARD = "gnu++20";
				CLANG_ENABLE_MODULES = YES;
				CLANG_ENABLE_OBJC_ARC = YES;
				CLANG_ENABLE_OBJC_WEAK = YES;
				CLANG_WARN_BLOCK_CAPTURE_AUTORELEASING = YES;
				CLANG_WARN_BOOL_CONVERSION = YES;
				CLANG_WARN_COMMA = YES;
				CLANG_WARN_CONSTANT_CONVERSION = YES;
				CLANG_WARN_DEPRECATED_OBJC_IMPLEMENTATIONS = YES;
				CLANG_WARN_DIRECT_OBJC_ISA_USAGE = YES_ERROR;
				CLANG_WARN_DOCUMENTATION_COMMENTS = YES;
				CLANG_WARN_EMPTY_BODY = YES;
				CLANG_WARN_ENUM_CONVERSION = YES;
				CLANG_WARN_INFINITE_RECURSION = YES;
				CLANG_WARN_INT_CONVERSION = YES;
				CLANG_WARN_NON_LITERAL_NULL_CONVERSION = YES;
				CLANG_WARN_OBJC_IMPLICIT_RETAIN_SELF = YES;
				CLANG_WARN_OBJC_LITERAL_CONVERSION = YES;
				CLANG_WARN_OBJC_ROOT_CLASS = YES_ERROR;
				CLANG_WARN_QUOTED_INCLUDE_IN_FRAMEWORK_HEADER = YES;
				CLANG_WARN_RANGE_LOOP_ANALYSIS = YES;
				CLANG_WARN_STRICT_PROTOTYPES = YES;
				CLANG_WARN_SUSPICIOUS_MOVE = YES;
				CLANG_WARN_UNGUARDED_AVAILABILITY = YES_AGGRESSIVE;
				CLANG_WARN_UNREACHABLE_CODE = YES;
				CLANG_WARN__DUPLICATE_METHOD_MATCH = YES;
				COPY_PHASE_STRIP = NO;
				DEBUG_INFORMATION_FORMAT = "dwarf-with-dsym";
				ENABLE_NS_ASSERTIONS = NO;
				ENABLE_STRICT_OBJC_MSGSEND = YES;
				ENABLE_USER_SCRIPT_SANDBOXING = YES;
				GCC_C_LANGUAGE_STANDARD = gnu17;
				GCC_NO_COMMON_BLOCKS = YES;
				GCC_WARN_64_TO_32_BIT_CONVERSION = YES;
				GCC_WARN_ABOUT_RETURN_TYPE = YES_ERROR;
				GCC_WARN_UNDECLARED_SELECTOR = YES;
				GCC_WARN_UNINITIALIZED_AUTOS = YES_AGGRESSIVE;
				GCC_WARN_UNUSED_FUNCTION = YES;
				GCC_WARN_UNUSED_VARIABLE = YES;
				LOCALIZATION_PREFERS_STRING_CATALOGS = YES;
				MTL_ENABLE_DEBUG_INFO = NO;
				MTL_FAST_MATH = YES;
				SWIFT_COMPILATION_MODE = wholemodule;
			};
			name = Release;
		};
		F7A644382BE3456F004BC639 /* Debug */ = {
			isa = XCBuildConfiguration;
			buildSettings = {
				ASSETCATALOG_COMPILER_APPICON_NAME = AppIcon;
				ASSETCATALOG_COMPILER_GLOBAL_ACCENT_COLOR_NAME = AccentColor;
				CODE_SIGN_ENTITLEMENTS = "Ronak Assignment/Ronak_Assignment.entitlements";
				CODE_SIGN_STYLE = Automatic;
				CURRENT_PROJECT_VERSION = 1;
				DEVELOPMENT_ASSET_PATHS = "\"Ronak Assignment/Preview Content\"";
				ENABLE_PREVIEWS = YES;
				GENERATE_INFOPLIST_FILE = YES;
				"INFOPLIST_KEY_UIApplicationSceneManifest_Generation[sdk=iphoneos*]" = YES;
				"INFOPLIST_KEY_UIApplicationSceneManifest_Generation[sdk=iphonesimulator*]" = YES;
				"INFOPLIST_KEY_UIApplicationSupportsIndirectInputEvents[sdk=iphoneos*]" = YES;
				"INFOPLIST_KEY_UIApplicationSupportsIndirectInputEvents[sdk=iphonesimulator*]" = YES;
				"INFOPLIST_KEY_UILaunchScreen_Generation[sdk=iphoneos*]" = YES;
				"INFOPLIST_KEY_UILaunchScreen_Generation[sdk=iphonesimulator*]" = YES;
				"INFOPLIST_KEY_UIStatusBarStyle[sdk=iphoneos*]" = UIStatusBarStyleDefault;
				"INFOPLIST_KEY_UIStatusBarStyle[sdk=iphonesimulator*]" = UIStatusBarStyleDefault;
				INFOPLIST_KEY_UISupportedInterfaceOrientations_iPad = "UIInterfaceOrientationPortrait UIInterfaceOrientationPortraitUpsideDown UIInterfaceOrientationLandscapeLeft UIInterfaceOrientationLandscapeRight";
				INFOPLIST_KEY_UISupportedInterfaceOrientations_iPhone = "UIInterfaceOrientationPortrait UIInterfaceOrientationLandscapeLeft UIInterfaceOrientationLandscapeRight";
				IPHONEOS_DEPLOYMENT_TARGET = 17.2;
				LD_RUNPATH_SEARCH_PATHS = "@executable_path/Frameworks";
				"LD_RUNPATH_SEARCH_PATHS[sdk=macosx*]" = "@executable_path/../Frameworks";
				MACOSX_DEPLOYMENT_TARGET = 14.2;
				MARKETING_VERSION = 1.0;
				PRODUCT_BUNDLE_IDENTIFIER = "coml..Ronak-Assignment";
				PRODUCT_NAME = "$(TARGET_NAME)";
				SDKROOT = auto;
				SUPPORTED_PLATFORMS = "iphoneos iphonesimulator macosx";
				SWIFT_EMIT_LOC_STRINGS = YES;
				SWIFT_VERSION = 5.0;
				TARGETED_DEVICE_FAMILY = "1,2";
			};
			name = Debug;
		};
		F7A644392BE3456F004BC639 /* Release */ = {
			isa = XCBuildConfiguration;
			buildSettings = {
				ASSETCATALOG_COMPILER_APPICON_NAME = AppIcon;
				ASSETCATALOG_COMPILER_GLOBAL_ACCENT_COLOR_NAME = AccentColor;
				CODE_SIGN_ENTITLEMENTS = "Ronak Assignment/Ronak_Assignment.entitlements";
				CODE_SIGN_STYLE = Automatic;
				CURRENT_PROJECT_VERSION = 1;
				DEVELOPMENT_ASSET_PATHS = "\"Ronak Assignment/Preview Content\"";
				ENABLE_PREVIEWS = YES;
				GENERATE_INFOPLIST_FILE = YES;
				"INFOPLIST_KEY_UIApplicationSceneManifest_Generation[sdk=iphoneos*]" = YES;
				"INFOPLIST_KEY_UIApplicationSceneManifest_Generation[sdk=iphonesimulator*]" = YES;
				"INFOPLIST_KEY_UIApplicationSupportsIndirectInputEvents[sdk=iphoneos*]" = YES;
				"INFOPLIST_KEY_UIApplicationSupportsIndirectInputEvents[sdk=iphonesimulator*]" = YES;
				"INFOPLIST_KEY_UILaunchScreen_Generation[sdk=iphoneos*]" = YES;
				"INFOPLIST_KEY_UILaunchScreen_Generation[sdk=iphonesimulator*]" = YES;
				"INFOPLIST_KEY_UIStatusBarStyle[sdk=iphoneos*]" = UIStatusBarStyleDefault;
				"INFOPLIST_KEY_UIStatusBarStyle[sdk=iphonesimulator*]" = UIStatusBarStyleDefault;
				INFOPLIST_KEY_UISupportedInterfaceOrientations_iPad = "UIInterfaceOrientationPortrait UIInterfaceOrientationPortraitUpsideDown UIInterfaceOrientationLandscapeLeft UIInterfaceOrientationLandscapeRight";
				INFOPLIST_KEY_UISupportedInterfaceOrientations_iPhone = "UIInterfaceOrientationPortrait UIInterfaceOrientationLandscapeLeft UIInterfaceOrientationLandscapeRight";
				IPHONEOS_DEPLOYMENT_TARGET = 17.2;
				LD_RUNPATH_SEARCH_PATHS = "@executable_path/Frameworks";
				"LD_RUNPATH_SEARCH_PATHS[sdk=macosx*]" = "@executable_path/../Frameworks";
				MACOSX_DEPLOYMENT_TARGET = 14.2;
				MARKETING_VERSION = 1.0;
				PRODUCT_BUNDLE_IDENTIFIER = "coml..Ronak-Assignment";
				PRODUCT_NAME = "$(TARGET_NAME)";
				SDKROOT = auto;
				SUPPORTED_PLATFORMS = "iphoneos iphonesimulator macosx";
				SWIFT_EMIT_LOC_STRINGS = YES;
				SWIFT_VERSION = 5.0;
				TARGETED_DEVICE_FAMILY = "1,2";
			};
			name = Release;
		};
		F7A6443B2BE3456F004BC639 /* Debug */ = {
			isa = XCBuildConfiguration;
			buildSettings = {
				ALWAYS_EMBED_SWIFT_STANDARD_LIBRARIES = YES;
				BUNDLE_LOADER = "$(TEST_HOST)";
				CODE_SIGN_STYLE = Automatic;
				CURRENT_PROJECT_VERSION = 1;
				GENERATE_INFOPLIST_FILE = YES;
				IPHONEOS_DEPLOYMENT_TARGET = 17.2;
				MACOSX_DEPLOYMENT_TARGET = 14.2;
				MARKETING_VERSION = 1.0;
				PRODUCT_BUNDLE_IDENTIFIER = "coml..Ronak-AssignmentTests";
				PRODUCT_NAME = "$(TARGET_NAME)";
				SDKROOT = auto;
				SUPPORTED_PLATFORMS = "iphoneos iphonesimulator macosx";
				SWIFT_EMIT_LOC_STRINGS = NO;
				SWIFT_VERSION = 5.0;
				TARGETED_DEVICE_FAMILY = "1,2";
				TEST_HOST = "$(BUILT_PRODUCTS_DIR)/Ronak Assignment.app/$(BUNDLE_EXECUTABLE_FOLDER_PATH)/Ronak Assignment";
			};
			name = Debug;
		};
		F7A6443C2BE3456F004BC639 /* Release */ = {
			isa = XCBuildConfiguration;
			buildSettings = {
				ALWAYS_EMBED_SWIFT_STANDARD_LIBRARIES = YES;
				BUNDLE_LOADER = "$(TEST_HOST)";
				CODE_SIGN_STYLE = Automatic;
				CURRENT_PROJECT_VERSION = 1;
				GENERATE_INFOPLIST_FILE = YES;
				IPHONEOS_DEPLOYMENT_TARGET = 17.2;
				MACOSX_DEPLOYMENT_TARGET = 14.2;
				MARKETING_VERSION = 1.0;
				PRODUCT_BUNDLE_IDENTIFIER = "coml..Ronak-AssignmentTests";
				PRODUCT_NAME = "$(TARGET_NAME)";
				SDKROOT = auto;
				SUPPORTED_PLATFORMS = "iphoneos iphonesimulator macosx";
				SWIFT_EMIT_LOC_STRINGS = NO;
				SWIFT_VERSION = 5.0;
				TARGETED_DEVICE_FAMILY = "1,2";
				TEST_HOST = "$(BUILT_PRODUCTS_DIR)/Ronak Assignment.app/$(BUNDLE_EXECUTABLE_FOLDER_PATH)/Ronak Assignment";
			};
			name = Release;
		};
		F7A6443E2BE3456F004BC639 /* Debug */ = {
			isa = XCBuildConfiguration;
			buildSettings = {
				ALWAYS_EMBED_SWIFT_STANDARD_LIBRARIES = YES;
				CODE_SIGN_STYLE = Automatic;
				CURRENT_PROJECT_VERSION = 1;
				GENERATE_INFOPLIST_FILE = YES;
				IPHONEOS_DEPLOYMENT_TARGET = 17.2;
				MACOSX_DEPLOYMENT_TARGET = 14.2;
				MARKETING_VERSION = 1.0;
				PRODUCT_BUNDLE_IDENTIFIER = "coml..Ronak-AssignmentUITests";
				PRODUCT_NAME = "$(TARGET_NAME)";
				SDKROOT = auto;
				SUPPORTED_PLATFORMS = "iphoneos iphonesimulator macosx";
				SWIFT_EMIT_LOC_STRINGS = NO;
				SWIFT_VERSION = 5.0;
				TARGETED_DEVICE_FAMILY = "1,2";
				TEST_TARGET_NAME = "Ronak Assignment";
			};
			name = Debug;
		};
		F7A6443F2BE3456F004BC639 /* Release */ = {
			isa = XCBuildConfiguration;
			buildSettings = {
				ALWAYS_EMBED_SWIFT_STANDARD_LIBRARIES = YES;
				CODE_SIGN_STYLE = Automatic;
				CURRENT_PROJECT_VERSION = 1;
				GENERATE_INFOPLIST_FILE = YES;
				IPHONEOS_DEPLOYMENT_TARGET = 17.2;
				MACOSX_DEPLOYMENT_TARGET = 14.2;
				MARKETING_VERSION = 1.0;
				PRODUCT_BUNDLE_IDENTIFIER = "coml..Ronak-AssignmentUITests";
				PRODUCT_NAME = "$(TARGET_NAME)";
				SDKROOT = auto;
				SUPPORTED_PLATFORMS = "iphoneos iphonesimulator macosx";
				SWIFT_EMIT_LOC_STRINGS = NO;
				SWIFT_VERSION = 5.0;
				TARGETED_DEVICE_FAMILY = "1,2";
				TEST_TARGET_NAME = "Ronak Assignment";
			};
			name = Release;
		};
/* End XCBuildConfiguration section */

/* Begin XCConfigurationList section */
		F7A6440D2BE3456D004BC639 /* Build configuration list for PBXProject "Ronak Assignment" */ = {
			isa = XCConfigurationList;
			buildConfigurations = (
				F7A644352BE3456F004BC639 /* Debug */,
				F7A644362BE3456F004BC639 /* Release */,
			);
			defaultConfigurationIsVisible = 0;
			defaultConfigurationName = Release;
		};
		F7A644372BE3456F004BC639 /* Build configuration list for PBXNativeTarget "Ronak Assignment" */ = {
			isa = XCConfigurationList;
			buildConfigurations = (
				F7A644382BE3456F004BC639 /* Debug */,
				F7A644392BE3456F004BC639 /* Release */,
			);
			defaultConfigurationIsVisible = 0;
			defaultConfigurationName = Release;
		};
		F7A6443A2BE3456F004BC639 /* Build configuration list for PBXNativeTarget "Ronak AssignmentTests" */ = {
			isa = XCConfigurationList;
			buildConfigurations = (
				F7A6443B2BE3456F004BC639 /* Debug */,
				F7A6443C2BE3456F004BC639 /* Release */,
			);
			defaultConfigurationIsVisible = 0;
			defaultConfigurationName = Release;
		};
		F7A6443D2BE3456F004BC639 /* Build configuration list for PBXNativeTarget "Ronak AssignmentUITests" */ = {
			isa = XCConfigurationList;
			buildConfigurations = (
				F7A6443E2BE3456F004BC639 /* Debug */,
				F7A6443F2BE3456F004BC639 /* Release */,
			);
			defaultConfigurationIsVisible = 0;
			defaultConfigurationName = Release;
		};
/* End XCConfigurationList section */

/* Begin XCRemoteSwiftPackageReference section */
		F7A644482BE3470C004BC639 /* XCRemoteSwiftPackageReference "Alamofire" */ = {
			isa = XCRemoteSwiftPackageReference;
			repositoryURL = "https://github.com/Alamofire/Alamofire.git";
			requirement = {
				kind = upToNextMajorVersion;
				minimumVersion = 5.9.1;
			};
		};
/* End XCRemoteSwiftPackageReference section */

/* Begin XCSwiftPackageProductDependency section */
		F7A644492BE3470C004BC639 /* Alamofire */ = {
			isa = XCSwiftPackageProductDependency;
			package = F7A644482BE3470C004BC639 /* XCRemoteSwiftPackageReference "Alamofire" */;
			productName = Alamofire;
		};
		F7A6444B2BE3470C004BC639 /* AlamofireDynamic */ = {
			isa = XCSwiftPackageProductDependency;
			package = F7A644482BE3470C004BC639 /* XCRemoteSwiftPackageReference "Alamofire" */;
			productName = AlamofireDynamic;
		};
/* End XCSwiftPackageProductDependency section */
	};
	rootObject = F7A6440A2BE3456D004BC639 /* Project object */;
}
